
Microsoft Visual Studio Solution File, Format Version 12.00
# Visual Studio Version 17
VisualStudioVersion = 17.10.34707.107
MinimumVisualStudioVersion = 10.0.40219.1
Project("{9A19103F-16F7-4668-BE54-9A1E7A4F7556}") = "BlazorApp", "BlazorApp\BlazorApp.csproj", "{BB9BB5EB-A1E5-48E7-8FD2-A1CFAD5E98DC}"
EndProject
Global
	GlobalSection(SolutionConfigurationPlatforms) = preSolution
		Debug|Any CPU = Debug|Any CPU
		Release|Any CPU = Release|Any CPU
	EndGlobalSection
	GlobalSection(ProjectConfigurationPlatforms) = postSolution
		{BB9BB5EB-A1E5-48E7-8FD2-A1CFAD5E98DC}.Debug|Any CPU.ActiveCfg = Debug|Any CPU
		{BB9BB5EB-A1E5-48E7-8FD2-A1CFAD5E98DC}.Debug|Any CPU.Build.0 = Debug|Any CPU
		{BB9BB5EB-A1E5-48E7-8FD2-A1CFAD5E98DC}.Release|Any CPU.ActiveCfg = Release|Any CPU
		{BB9BB5EB-A1E5-48E7-8FD2-A1CFAD5E98DC}.Release|Any CPU.Build.0 = Release|Any CPU
	EndGlobalSection
	GlobalSection(SolutionProperties) = preSolution
		HideSolutionNode = FALSE
	EndGlobalSection
	GlobalSection(ExtensibilityGlobals) = postSolution
		SolutionGuid = {7BB92B7E-07C6-4E89-8687-7911FBABFEBD}
	EndGlobalSection
EndGlobal
